// !$*UTF8*$!
{
	archiveVersion = 1;
	classes = {
	};
	objectVersion = 51;
	objects = {

/* Begin PBXBuildFile section */
		554406EA000E10C1E96A93A1 /* Pods_southsystem_desafioTests.framework in Frameworks */ = {isa = PBXBuildFile; fileRef = 16E2ECF453F1A8E4A239C491 /* Pods_southsystem_desafioTests.framework */; };
		5B327BDEA5E8DEC2D2699672 /* Pods_southsystem_desafio.framework in Frameworks */ = {isa = PBXBuildFile; fileRef = BA8768E2A767C1C216F1AB18 /* Pods_southsystem_desafio.framework */; };
		F674DAAD262793F600A9D39D /* FazerCheckinModel.swift in Sources */ = {isa = PBXBuildFile; fileRef = F674DAAC262793F600A9D39D /* FazerCheckinModel.swift */; };
		F692BC9E26264793004C2148 /* AppDelegate.swift in Sources */ = {isa = PBXBuildFile; fileRef = F692BC9D26264793004C2148 /* AppDelegate.swift */; };
		F692BCA726264794004C2148 /* Assets.xcassets in Resources */ = {isa = PBXBuildFile; fileRef = F692BCA626264794004C2148 /* Assets.xcassets */; };
		F692BCAA26264794004C2148 /* LaunchScreen.storyboard in Resources */ = {isa = PBXBuildFile; fileRef = F692BCA826264794004C2148 /* LaunchScreen.storyboard */; };
		F692BCB526264794004C2148 /* southsystem_desafioTests.swift in Sources */ = {isa = PBXBuildFile; fileRef = F692BCB426264794004C2148 /* southsystem_desafioTests.swift */; };
		F692BCC026264794004C2148 /* southsystem_desafioUITests.swift in Sources */ = {isa = PBXBuildFile; fileRef = F692BCBF26264794004C2148 /* southsystem_desafioUITests.swift */; };
		F692BCED26264A10004C2148 /* Constants.swift in Sources */ = {isa = PBXBuildFile; fileRef = F692BCEC26264A10004C2148 /* Constants.swift */; };
		F692BCFD26264B04004C2148 /* APIClient.swift in Sources */ = {isa = PBXBuildFile; fileRef = F692BCFC26264B04004C2148 /* APIClient.swift */; };
		F692BD0326264B1A004C2148 /* APIConfiguration.swift in Sources */ = {isa = PBXBuildFile; fileRef = F692BD0226264B1A004C2148 /* APIConfiguration.swift */; };
		F692BD0826264B2E004C2148 /* BaseModel.swift in Sources */ = {isa = PBXBuildFile; fileRef = F692BD0726264B2E004C2148 /* BaseModel.swift */; };
		F692BD0D26264B45004C2148 /* BaseView.swift in Sources */ = {isa = PBXBuildFile; fileRef = F692BD0C26264B45004C2148 /* BaseView.swift */; };
		F692BD1226264B5D004C2148 /* BaseViewController.swift in Sources */ = {isa = PBXBuildFile; fileRef = F692BD1126264B5D004C2148 /* BaseViewController.swift */; };
		F692BD1726264B72004C2148 /* BaseViewModel.swift in Sources */ = {isa = PBXBuildFile; fileRef = F692BD1626264B72004C2148 /* BaseViewModel.swift */; };
		F692BD1C26264B7E004C2148 /* Coordinator.swift in Sources */ = {isa = PBXBuildFile; fileRef = F692BD1B26264B7E004C2148 /* Coordinator.swift */; };
		F692BD2126264BAC004C2148 /* TypeAlias.swift in Sources */ = {isa = PBXBuildFile; fileRef = F692BD2026264BAC004C2148 /* TypeAlias.swift */; };
		F692BD3726264CCE004C2148 /* MainCoordinator.swift in Sources */ = {isa = PBXBuildFile; fileRef = F692BD3626264CCE004C2148 /* MainCoordinator.swift */; };
		F692BD3D26264D0A004C2148 /* TelaInicialCoordinator.swift in Sources */ = {isa = PBXBuildFile; fileRef = F692BD3C26264D0A004C2148 /* TelaInicialCoordinator.swift */; };
		F692BD4326264D8F004C2148 /* EventosViewController.swift in Sources */ = {isa = PBXBuildFile; fileRef = F692BD4226264D8F004C2148 /* EventosViewController.swift */; };
		F692BD4B26264D9D004C2148 /* EventosView.swift in Sources */ = {isa = PBXBuildFile; fileRef = F692BD4A26264D9D004C2148 /* EventosView.swift */; };
		F692BD5126264E20004C2148 /* EventosViewModel.swift in Sources */ = {isa = PBXBuildFile; fileRef = F692BD5026264E20004C2148 /* EventosViewModel.swift */; };
		F692BD5926264F55004C2148 /* UIColor+Extensions.swift in Sources */ = {isa = PBXBuildFile; fileRef = F692BD5826264F55004C2148 /* UIColor+Extensions.swift */; };
		F692BD70262650C8004C2148 /* InfoPlist.strings in Resources */ = {isa = PBXBuildFile; fileRef = F692BD72262650C8004C2148 /* InfoPlist.strings */; };
		F692BD76262650CB004C2148 /* Localizable.strings in Resources */ = {isa = PBXBuildFile; fileRef = F692BD78262650CB004C2148 /* Localizable.strings */; };
		F692BD8526265295004C2148 /* EventosRouter.swift in Sources */ = {isa = PBXBuildFile; fileRef = F692BD8426265295004C2148 /* EventosRouter.swift */; };
		F692BD8A262652F6004C2148 /* EventosClient.swift in Sources */ = {isa = PBXBuildFile; fileRef = F692BD89262652F6004C2148 /* EventosClient.swift */; };
		F692BD8F26265329004C2148 /* EventosCodable.swift in Sources */ = {isa = PBXBuildFile; fileRef = F692BD8E26265329004C2148 /* EventosCodable.swift */; };
		F692BD94262653D6004C2148 /* Encode+DecodeHelpers.swift in Sources */ = {isa = PBXBuildFile; fileRef = F692BD93262653D6004C2148 /* Encode+DecodeHelpers.swift */; };
		F692BD9D262658B6004C2148 /* EventosModel.swift in Sources */ = {isa = PBXBuildFile; fileRef = F692BD9C262658B6004C2148 /* EventosModel.swift */; };
		F692BDA226265AB8004C2148 /* EventosViewCell.swift in Sources */ = {isa = PBXBuildFile; fileRef = F692BDA126265AB8004C2148 /* EventosViewCell.swift */; };
		F692BDAD26265CE8004C2148 /* UView+Extensions.swift in Sources */ = {isa = PBXBuildFile; fileRef = F692BDAC26265CE8004C2148 /* UView+Extensions.swift */; };
		F692BDB226265D0F004C2148 /* UIViewController+Extension.swift in Sources */ = {isa = PBXBuildFile; fileRef = F692BDB126265D0F004C2148 /* UIViewController+Extension.swift */; };
		F692BDB726265D31004C2148 /* String+Extension.swift in Sources */ = {isa = PBXBuildFile; fileRef = F692BDB626265D31004C2148 /* String+Extension.swift */; };
		F692BDBC26265D4C004C2148 /* TranslateHelper.swift in Sources */ = {isa = PBXBuildFile; fileRef = F692BDBB26265D4C004C2148 /* TranslateHelper.swift */; };
		F692BDD626266616004C2148 /* ContentImageView.swift in Sources */ = {isa = PBXBuildFile; fileRef = F692BDD526266616004C2148 /* ContentImageView.swift */; };
		F692BDDF2626778D004C2148 /* DetalhesEventoView.swift in Sources */ = {isa = PBXBuildFile; fileRef = F692BDDE2626778D004C2148 /* DetalhesEventoView.swift */; };
		F692BDE5262677A6004C2148 /* DetalhesEventoViewController.swift in Sources */ = {isa = PBXBuildFile; fileRef = F692BDE4262677A6004C2148 /* DetalhesEventoViewController.swift */; };
		F692BDED2626782A004C2148 /* DetalhesEventoViewModel.swift in Sources */ = {isa = PBXBuildFile; fileRef = F692BDEC2626782A004C2148 /* DetalhesEventoViewModel.swift */; };
		F692BDF826267AA7004C2148 /* DetalhesEventoModel.swift in Sources */ = {isa = PBXBuildFile; fileRef = F692BDF726267AA7004C2148 /* DetalhesEventoModel.swift */; };
		F6EF97892627511D0040FC95 /* APIErrorMessageHelper.swift in Sources */ = {isa = PBXBuildFile; fileRef = F6EF97882627511D0040FC95 /* APIErrorMessageHelper.swift */; };
		F6EF97A026275CCB0040FC95 /* FazerCheckinRouter.swift in Sources */ = {isa = PBXBuildFile; fileRef = F6EF979F26275CCB0040FC95 /* FazerCheckinRouter.swift */; };
		F6EF97A526275D180040FC95 /* FazerCheckinClient.swift in Sources */ = {isa = PBXBuildFile; fileRef = F6EF97A426275D180040FC95 /* FazerCheckinClient.swift */; };
		F6EF97AA26275D550040FC95 /* Icones.xcassets in Resources */ = {isa = PBXBuildFile; fileRef = F6EF97A926275D550040FC95 /* Icones.xcassets */; };
		F9ADD8BBADB2DE3D0A1EE088 /* Pods_southsystem_desafio_southsystem_desafioUITests.framework in Frameworks */ = {isa = PBXBuildFile; fileRef = CA1ADD38937DB91A54703460 /* Pods_southsystem_desafio_southsystem_desafioUITests.framework */; };
/* End PBXBuildFile section */

/* Begin PBXContainerItemProxy section */
		F692BCB126264794004C2148 /* PBXContainerItemProxy */ = {
			isa = PBXContainerItemProxy;
			containerPortal = F692BC9226264793004C2148 /* Project object */;
			proxyType = 1;
			remoteGlobalIDString = F692BC9926264793004C2148;
			remoteInfo = "southsystem-desafio";
		};
		F692BCBC26264794004C2148 /* PBXContainerItemProxy */ = {
			isa = PBXContainerItemProxy;
			containerPortal = F692BC9226264793004C2148 /* Project object */;
			proxyType = 1;
			remoteGlobalIDString = F692BC9926264793004C2148;
			remoteInfo = "southsystem-desafio";
		};
/* End PBXContainerItemProxy section */

/* Begin PBXFileReference section */
		0E200B9486582D48350BA474 /* Pods-southsystem-desafio-southsystem-desafioUITests.release.xcconfig */ = {isa = PBXFileReference; includeInIndex = 1; lastKnownFileType = text.xcconfig; name = "Pods-southsystem-desafio-southsystem-desafioUITests.release.xcconfig"; path = "Target Support Files/Pods-southsystem-desafio-southsystem-desafioUITests/Pods-southsystem-desafio-southsystem-desafioUITests.release.xcconfig"; sourceTree = "<group>"; };
		16E2ECF453F1A8E4A239C491 /* Pods_southsystem_desafioTests.framework */ = {isa = PBXFileReference; explicitFileType = wrapper.framework; includeInIndex = 0; path = Pods_southsystem_desafioTests.framework; sourceTree = BUILT_PRODUCTS_DIR; };
		1A1D536660C615D26AE87843 /* Pods-southsystem-desafioTests.release.xcconfig */ = {isa = PBXFileReference; includeInIndex = 1; lastKnownFileType = text.xcconfig; name = "Pods-southsystem-desafioTests.release.xcconfig"; path = "Target Support Files/Pods-southsystem-desafioTests/Pods-southsystem-desafioTests.release.xcconfig"; sourceTree = "<group>"; };
		31689151DF750258151088EB /* Pods-southsystem-desafioTests.debug.xcconfig */ = {isa = PBXFileReference; includeInIndex = 1; lastKnownFileType = text.xcconfig; name = "Pods-southsystem-desafioTests.debug.xcconfig"; path = "Target Support Files/Pods-southsystem-desafioTests/Pods-southsystem-desafioTests.debug.xcconfig"; sourceTree = "<group>"; };
		53277C5E19A68E9A28373472 /* Pods-southsystem-desafio.debug.xcconfig */ = {isa = PBXFileReference; includeInIndex = 1; lastKnownFileType = text.xcconfig; name = "Pods-southsystem-desafio.debug.xcconfig"; path = "Target Support Files/Pods-southsystem-desafio/Pods-southsystem-desafio.debug.xcconfig"; sourceTree = "<group>"; };
		BA8768E2A767C1C216F1AB18 /* Pods_southsystem_desafio.framework */ = {isa = PBXFileReference; explicitFileType = wrapper.framework; includeInIndex = 0; path = Pods_southsystem_desafio.framework; sourceTree = BUILT_PRODUCTS_DIR; };
		C88CD9C1EC2789C6BD3ED5BA /* Pods-southsystem-desafio.release.xcconfig */ = {isa = PBXFileReference; includeInIndex = 1; lastKnownFileType = text.xcconfig; name = "Pods-southsystem-desafio.release.xcconfig"; path = "Target Support Files/Pods-southsystem-desafio/Pods-southsystem-desafio.release.xcconfig"; sourceTree = "<group>"; };
		CA1ADD38937DB91A54703460 /* Pods_southsystem_desafio_southsystem_desafioUITests.framework */ = {isa = PBXFileReference; explicitFileType = wrapper.framework; includeInIndex = 0; path = Pods_southsystem_desafio_southsystem_desafioUITests.framework; sourceTree = BUILT_PRODUCTS_DIR; };
		F674DAAC262793F600A9D39D /* FazerCheckinModel.swift */ = {isa = PBXFileReference; lastKnownFileType = sourcecode.swift; path = FazerCheckinModel.swift; sourceTree = "<group>"; };
		F692BC9A26264793004C2148 /* southsystem-desafio.app */ = {isa = PBXFileReference; explicitFileType = wrapper.application; includeInIndex = 0; path = "southsystem-desafio.app"; sourceTree = BUILT_PRODUCTS_DIR; };
		F692BC9D26264793004C2148 /* AppDelegate.swift */ = {isa = PBXFileReference; lastKnownFileType = sourcecode.swift; path = AppDelegate.swift; sourceTree = "<group>"; };
		F692BCA626264794004C2148 /* Assets.xcassets */ = {isa = PBXFileReference; lastKnownFileType = folder.assetcatalog; path = Assets.xcassets; sourceTree = "<group>"; };
		F692BCA926264794004C2148 /* Base */ = {isa = PBXFileReference; lastKnownFileType = file.storyboard; name = Base; path = Base.lproj/LaunchScreen.storyboard; sourceTree = "<group>"; };
		F692BCAB26264794004C2148 /* Info.plist */ = {isa = PBXFileReference; lastKnownFileType = text.plist.xml; path = Info.plist; sourceTree = "<group>"; };
		F692BCB026264794004C2148 /* southsystem-desafioTests.xctest */ = {isa = PBXFileReference; explicitFileType = wrapper.cfbundle; includeInIndex = 0; path = "southsystem-desafioTests.xctest"; sourceTree = BUILT_PRODUCTS_DIR; };
		F692BCB426264794004C2148 /* southsystem_desafioTests.swift */ = {isa = PBXFileReference; lastKnownFileType = sourcecode.swift; path = southsystem_desafioTests.swift; sourceTree = "<group>"; };
		F692BCB626264794004C2148 /* Info.plist */ = {isa = PBXFileReference; lastKnownFileType = text.plist.xml; path = Info.plist; sourceTree = "<group>"; };
		F692BCBB26264794004C2148 /* southsystem-desafioUITests.xctest */ = {isa = PBXFileReference; explicitFileType = wrapper.cfbundle; includeInIndex = 0; path = "southsystem-desafioUITests.xctest"; sourceTree = BUILT_PRODUCTS_DIR; };
		F692BCBF26264794004C2148 /* southsystem_desafioUITests.swift */ = {isa = PBXFileReference; lastKnownFileType = sourcecode.swift; path = southsystem_desafioUITests.swift; sourceTree = "<group>"; };
		F692BCC126264794004C2148 /* Info.plist */ = {isa = PBXFileReference; lastKnownFileType = text.plist.xml; path = Info.plist; sourceTree = "<group>"; };
		F692BCEC26264A10004C2148 /* Constants.swift */ = {isa = PBXFileReference; lastKnownFileType = sourcecode.swift; path = Constants.swift; sourceTree = "<group>"; };
		F692BCFC26264B04004C2148 /* APIClient.swift */ = {isa = PBXFileReference; lastKnownFileType = sourcecode.swift; path = APIClient.swift; sourceTree = "<group>"; };
		F692BD0226264B1A004C2148 /* APIConfiguration.swift */ = {isa = PBXFileReference; lastKnownFileType = sourcecode.swift; path = APIConfiguration.swift; sourceTree = "<group>"; };
		F692BD0726264B2E004C2148 /* BaseModel.swift */ = {isa = PBXFileReference; lastKnownFileType = sourcecode.swift; path = BaseModel.swift; sourceTree = "<group>"; };
		F692BD0C26264B45004C2148 /* BaseView.swift */ = {isa = PBXFileReference; lastKnownFileType = sourcecode.swift; path = BaseView.swift; sourceTree = "<group>"; };
		F692BD1126264B5D004C2148 /* BaseViewController.swift */ = {isa = PBXFileReference; lastKnownFileType = sourcecode.swift; path = BaseViewController.swift; sourceTree = "<group>"; };
		F692BD1626264B72004C2148 /* BaseViewModel.swift */ = {isa = PBXFileReference; lastKnownFileType = sourcecode.swift; path = BaseViewModel.swift; sourceTree = "<group>"; };
		F692BD1B26264B7E004C2148 /* Coordinator.swift */ = {isa = PBXFileReference; lastKnownFileType = sourcecode.swift; path = Coordinator.swift; sourceTree = "<group>"; };
		F692BD2026264BAC004C2148 /* TypeAlias.swift */ = {isa = PBXFileReference; lastKnownFileType = sourcecode.swift; path = TypeAlias.swift; sourceTree = "<group>"; };
		F692BD3626264CCE004C2148 /* MainCoordinator.swift */ = {isa = PBXFileReference; lastKnownFileType = sourcecode.swift; path = MainCoordinator.swift; sourceTree = "<group>"; };
		F692BD3C26264D0A004C2148 /* TelaInicialCoordinator.swift */ = {isa = PBXFileReference; lastKnownFileType = sourcecode.swift; path = TelaInicialCoordinator.swift; sourceTree = "<group>"; };
		F692BD4226264D8F004C2148 /* EventosViewController.swift */ = {isa = PBXFileReference; lastKnownFileType = sourcecode.swift; path = EventosViewController.swift; sourceTree = "<group>"; };
		F692BD4A26264D9D004C2148 /* EventosView.swift */ = {isa = PBXFileReference; lastKnownFileType = sourcecode.swift; path = EventosView.swift; sourceTree = "<group>"; };
		F692BD5026264E20004C2148 /* EventosViewModel.swift */ = {isa = PBXFileReference; lastKnownFileType = sourcecode.swift; path = EventosViewModel.swift; sourceTree = "<group>"; };
		F692BD5826264F55004C2148 /* UIColor+Extensions.swift */ = {isa = PBXFileReference; lastKnownFileType = sourcecode.swift; path = "UIColor+Extensions.swift"; sourceTree = "<group>"; };
		F692BD71262650C8004C2148 /* en */ = {isa = PBXFileReference; lastKnownFileType = text.plist.strings; name = en; path = en.lproj/InfoPlist.strings; sourceTree = "<group>"; };
		F692BD77262650CB004C2148 /* en */ = {isa = PBXFileReference; lastKnownFileType = text.plist.strings; name = en; path = en.lproj/Localizable.strings; sourceTree = "<group>"; };
		F692BD7C262650FC004C2148 /* pt-BR */ = {isa = PBXFileReference; lastKnownFileType = text.plist.strings; name = "pt-BR"; path = "pt-BR.lproj/InfoPlist.strings"; sourceTree = "<group>"; };
		F692BD80262650FC004C2148 /* pt-BR */ = {isa = PBXFileReference; lastKnownFileType = text.plist.strings; name = "pt-BR"; path = "pt-BR.lproj/Localizable.strings"; sourceTree = "<group>"; };
		F692BD8426265295004C2148 /* EventosRouter.swift */ = {isa = PBXFileReference; lastKnownFileType = sourcecode.swift; path = EventosRouter.swift; sourceTree = "<group>"; };
		F692BD89262652F6004C2148 /* EventosClient.swift */ = {isa = PBXFileReference; lastKnownFileType = sourcecode.swift; path = EventosClient.swift; sourceTree = "<group>"; };
		F692BD8E26265329004C2148 /* EventosCodable.swift */ = {isa = PBXFileReference; lastKnownFileType = sourcecode.swift; path = EventosCodable.swift; sourceTree = "<group>"; };
		F692BD93262653D6004C2148 /* Encode+DecodeHelpers.swift */ = {isa = PBXFileReference; lastKnownFileType = sourcecode.swift; path = "Encode+DecodeHelpers.swift"; sourceTree = "<group>"; };
		F692BD9C262658B6004C2148 /* EventosModel.swift */ = {isa = PBXFileReference; lastKnownFileType = sourcecode.swift; path = EventosModel.swift; sourceTree = "<group>"; };
		F692BDA126265AB8004C2148 /* EventosViewCell.swift */ = {isa = PBXFileReference; lastKnownFileType = sourcecode.swift; path = EventosViewCell.swift; sourceTree = "<group>"; };
		F692BDAC26265CE8004C2148 /* UView+Extensions.swift */ = {isa = PBXFileReference; lastKnownFileType = sourcecode.swift; path = "UView+Extensions.swift"; sourceTree = "<group>"; };
		F692BDB126265D0F004C2148 /* UIViewController+Extension.swift */ = {isa = PBXFileReference; lastKnownFileType = sourcecode.swift; path = "UIViewController+Extension.swift"; sourceTree = "<group>"; };
		F692BDB626265D31004C2148 /* String+Extension.swift */ = {isa = PBXFileReference; lastKnownFileType = sourcecode.swift; path = "String+Extension.swift"; sourceTree = "<group>"; };
		F692BDBB26265D4C004C2148 /* TranslateHelper.swift */ = {isa = PBXFileReference; lastKnownFileType = sourcecode.swift; path = TranslateHelper.swift; sourceTree = "<group>"; };
		F692BDD526266616004C2148 /* ContentImageView.swift */ = {isa = PBXFileReference; lastKnownFileType = sourcecode.swift; path = ContentImageView.swift; sourceTree = "<group>"; };
		F692BDDE2626778D004C2148 /* DetalhesEventoView.swift */ = {isa = PBXFileReference; lastKnownFileType = sourcecode.swift; path = DetalhesEventoView.swift; sourceTree = "<group>"; };
		F692BDE4262677A6004C2148 /* DetalhesEventoViewController.swift */ = {isa = PBXFileReference; lastKnownFileType = sourcecode.swift; path = DetalhesEventoViewController.swift; sourceTree = "<group>"; };
		F692BDEC2626782A004C2148 /* DetalhesEventoViewModel.swift */ = {isa = PBXFileReference; lastKnownFileType = sourcecode.swift; path = DetalhesEventoViewModel.swift; sourceTree = "<group>"; };
		F692BDF726267AA7004C2148 /* DetalhesEventoModel.swift */ = {isa = PBXFileReference; lastKnownFileType = sourcecode.swift; path = DetalhesEventoModel.swift; sourceTree = "<group>"; };
		F6EF97882627511D0040FC95 /* APIErrorMessageHelper.swift */ = {isa = PBXFileReference; lastKnownFileType = sourcecode.swift; path = APIErrorMessageHelper.swift; sourceTree = "<group>"; };
		F6EF979F26275CCB0040FC95 /* FazerCheckinRouter.swift */ = {isa = PBXFileReference; lastKnownFileType = sourcecode.swift; path = FazerCheckinRouter.swift; sourceTree = "<group>"; };
		F6EF97A426275D180040FC95 /* FazerCheckinClient.swift */ = {isa = PBXFileReference; lastKnownFileType = sourcecode.swift; path = FazerCheckinClient.swift; sourceTree = "<group>"; };
		F6EF97A926275D550040FC95 /* Icones.xcassets */ = {isa = PBXFileReference; lastKnownFileType = folder.assetcatalog; path = Icones.xcassets; sourceTree = "<group>"; };
		FB939ED9B08FC4FE33BDCC19 /* Pods-southsystem-desafio-southsystem-desafioUITests.debug.xcconfig */ = {isa = PBXFileReference; includeInIndex = 1; lastKnownFileType = text.xcconfig; name = "Pods-southsystem-desafio-southsystem-desafioUITests.debug.xcconfig"; path = "Target Support Files/Pods-southsystem-desafio-southsystem-desafioUITests/Pods-southsystem-desafio-southsystem-desafioUITests.debug.xcconfig"; sourceTree = "<group>"; };
/* End PBXFileReference section */

/* Begin PBXFrameworksBuildPhase section */
		F692BC9726264793004C2148 /* Frameworks */ = {
			isa = PBXFrameworksBuildPhase;
			buildActionMask = 2147483647;
			files = (
				5B327BDEA5E8DEC2D2699672 /* Pods_southsystem_desafio.framework in Frameworks */,
			);
			runOnlyForDeploymentPostprocessing = 0;
		};
		F692BCAD26264794004C2148 /* Frameworks */ = {
			isa = PBXFrameworksBuildPhase;
			buildActionMask = 2147483647;
			files = (
				554406EA000E10C1E96A93A1 /* Pods_southsystem_desafioTests.framework in Frameworks */,
			);
			runOnlyForDeploymentPostprocessing = 0;
		};
		F692BCB826264794004C2148 /* Frameworks */ = {
			isa = PBXFrameworksBuildPhase;
			buildActionMask = 2147483647;
			files = (
				F9ADD8BBADB2DE3D0A1EE088 /* Pods_southsystem_desafio_southsystem_desafioUITests.framework in Frameworks */,
			);
			runOnlyForDeploymentPostprocessing = 0;
		};
/* End PBXFrameworksBuildPhase section */

/* Begin PBXGroup section */
		2C1EAB19D7CF8C33852553B0 /* Frameworks */ = {
			isa = PBXGroup;
			children = (
				BA8768E2A767C1C216F1AB18 /* Pods_southsystem_desafio.framework */,
				CA1ADD38937DB91A54703460 /* Pods_southsystem_desafio_southsystem_desafioUITests.framework */,
				16E2ECF453F1A8E4A239C491 /* Pods_southsystem_desafioTests.framework */,
			);
			name = Frameworks;
			sourceTree = "<group>";
		};
		2C48CE481CEC704AE908DC3A /* Pods */ = {
			isa = PBXGroup;
			children = (
				53277C5E19A68E9A28373472 /* Pods-southsystem-desafio.debug.xcconfig */,
				C88CD9C1EC2789C6BD3ED5BA /* Pods-southsystem-desafio.release.xcconfig */,
				FB939ED9B08FC4FE33BDCC19 /* Pods-southsystem-desafio-southsystem-desafioUITests.debug.xcconfig */,
				0E200B9486582D48350BA474 /* Pods-southsystem-desafio-southsystem-desafioUITests.release.xcconfig */,
				31689151DF750258151088EB /* Pods-southsystem-desafioTests.debug.xcconfig */,
				1A1D536660C615D26AE87843 /* Pods-southsystem-desafioTests.release.xcconfig */,
			);
			path = Pods;
			sourceTree = "<group>";
		};
		F674DAA9262793C600A9D39D /* FazerCheckin */ = {
			isa = PBXGroup;
			children = (
			);
			path = FazerCheckin;
			sourceTree = "<group>";
		};
		F674DAAA262793DF00A9D39D /* FazerCheckin */ = {
			isa = PBXGroup;
			children = (
			);
			path = FazerCheckin;
			sourceTree = "<group>";
		};
		F674DAAB262793E700A9D39D /* FazerCheckin */ = {
			isa = PBXGroup;
			children = (
				F674DAAC262793F600A9D39D /* FazerCheckinModel.swift */,
			);
			path = FazerCheckin;
			sourceTree = "<group>";
		};
		F692BC9126264793004C2148 = {
			isa = PBXGroup;
			children = (
				F692BC9C26264793004C2148 /* southsystem-desafio */,
				F692BCB326264794004C2148 /* southsystem-desafioTests */,
				F692BCBE26264794004C2148 /* southsystem-desafioUITests */,
				F692BC9B26264793004C2148 /* Products */,
				2C48CE481CEC704AE908DC3A /* Pods */,
				2C1EAB19D7CF8C33852553B0 /* Frameworks */,
			);
			sourceTree = "<group>";
		};
		F692BC9B26264793004C2148 /* Products */ = {
			isa = PBXGroup;
			children = (
				F692BC9A26264793004C2148 /* southsystem-desafio.app */,
				F692BCB026264794004C2148 /* southsystem-desafioTests.xctest */,
				F692BCBB26264794004C2148 /* southsystem-desafioUITests.xctest */,
			);
			name = Products;
			sourceTree = "<group>";
		};
		F692BC9C26264793004C2148 /* southsystem-desafio */ = {
			isa = PBXGroup;
			children = (
				F692BCDC2626494D004C2148 /* Assets */,
				F692BCDD26264952004C2148 /* Core */,
				F692BCDE2626495A004C2148 /* Model */,
				F692BCDF26264965004C2148 /* Supporting Files */,
				F692BCE22626497E004C2148 /* UI */,
				F692BCE026264970004C2148 /* View  */,
				F692BCE126264975004C2148 /* ViewModel */,
				F692BCA826264794004C2148 /* LaunchScreen.storyboard */,
			);
			path = "southsystem-desafio";
			sourceTree = "<group>";
		};
		F692BCB326264794004C2148 /* southsystem-desafioTests */ = {
			isa = PBXGroup;
			children = (
				F692BCB426264794004C2148 /* southsystem_desafioTests.swift */,
				F692BCB626264794004C2148 /* Info.plist */,
			);
			path = "southsystem-desafioTests";
			sourceTree = "<group>";
		};
		F692BCBE26264794004C2148 /* southsystem-desafioUITests */ = {
			isa = PBXGroup;
			children = (
				F692BCBF26264794004C2148 /* southsystem_desafioUITests.swift */,
				F692BCC126264794004C2148 /* Info.plist */,
			);
			path = "southsystem-desafioUITests";
			sourceTree = "<group>";
		};
		F692BCDC2626494D004C2148 /* Assets */ = {
			isa = PBXGroup;
			children = (
				F692BCA626264794004C2148 /* Assets.xcassets */,
				F6EF97A926275D550040FC95 /* Icones.xcassets */,
			);
			path = Assets;
			sourceTree = "<group>";
		};
		F692BCDD26264952004C2148 /* Core */ = {
			isa = PBXGroup;
			children = (
				F692BCEB262649F4004C2148 /* App */,
				F692BCEA262649ED004C2148 /* Contants */,
				F692BCE8262649E1004C2148 /* Extension */,
				F692BCE7262649DB004C2148 /* Helper */,
				F692BCE6262649CE004C2148 /* Navigation */,
				F692BCE5262649BF004C2148 /* Networking */,
				F692BCE4262649AD004C2148 /* Protocol */,
			);
			path = Core;
			sourceTree = "<group>";
		};
		F692BCDE2626495A004C2148 /* Model */ = {
			isa = PBXGroup;
			children = (
				F692BDF626267A9A004C2148 /* DetalhesEvento */,
				F692BD9B2626589F004C2148 /* Eventos */,
				F674DAAB262793E700A9D39D /* FazerCheckin */,
			);
			path = Model;
			sourceTree = "<group>";
		};
		F692BCDF26264965004C2148 /* Supporting Files */ = {
			isa = PBXGroup;
			children = (
				F692BCAB26264794004C2148 /* Info.plist */,
				F692BD72262650C8004C2148 /* InfoPlist.strings */,
				F692BD78262650CB004C2148 /* Localizable.strings */,
			);
			path = "Supporting Files";
			sourceTree = "<group>";
		};
		F692BCE026264970004C2148 /* View  */ = {
			isa = PBXGroup;
			children = (
				F692BDDD26267779004C2148 /* DetalhesEvento */,
				F692BD4126264D71004C2148 /* Eventos */,
				F674DAA9262793C600A9D39D /* FazerCheckin */,
			);
			path = "View ";
			sourceTree = "<group>";
		};
		F692BCE126264975004C2148 /* ViewModel */ = {
			isa = PBXGroup;
			children = (
				F6961C7A26273AF30011019D /* DetalhesEvento */,
				F692BD4F26264E0F004C2148 /* Eventos */,
				F674DAAA262793DF00A9D39D /* FazerCheckin */,
			);
			path = ViewModel;
			sourceTree = "<group>";
		};
		F692BCE22626497E004C2148 /* UI */ = {
			isa = PBXGroup;
			children = (
				F692BCE326264983004C2148 /* Components */,
			);
			path = UI;
			sourceTree = "<group>";
		};
		F692BCE326264983004C2148 /* Components */ = {
			isa = PBXGroup;
			children = (
				F692BDD526266616004C2148 /* ContentImageView.swift */,
			);
			path = Components;
			sourceTree = "<group>";
		};
		F692BCE4262649AD004C2148 /* Protocol */ = {
			isa = PBXGroup;
			children = (
				F692BD0726264B2E004C2148 /* BaseModel.swift */,
				F692BD0C26264B45004C2148 /* BaseView.swift */,
				F692BD1126264B5D004C2148 /* BaseViewController.swift */,
				F692BD1626264B72004C2148 /* BaseViewModel.swift */,
				F692BD1B26264B7E004C2148 /* Coordinator.swift */,
			);
			path = Protocol;
			sourceTree = "<group>";
		};
		F692BCE5262649BF004C2148 /* Networking */ = {
			isa = PBXGroup;
			children = (
				F692BCFB26264AF5004C2148 /* Client */,
				F692BCFA26264AEF004C2148 /* Codable */,
				F692BCF926264AE6004C2148 /* Router */,
				F692BCFC26264B04004C2148 /* APIClient.swift */,
				F692BD0226264B1A004C2148 /* APIConfiguration.swift */,
			);
			path = Networking;
			sourceTree = "<group>";
		};
		F692BCE6262649CE004C2148 /* Navigation */ = {
			isa = PBXGroup;
			children = (
				F692BD3B26264CED004C2148 /* Coordinators */,
				F692BD3626264CCE004C2148 /* MainCoordinator.swift */,
			);
			path = Navigation;
			sourceTree = "<group>";
		};
		F692BCE7262649DB004C2148 /* Helper */ = {
			isa = PBXGroup;
			children = (
				F692BD93262653D6004C2148 /* Encode+DecodeHelpers.swift */,
				F692BDBB26265D4C004C2148 /* TranslateHelper.swift */,
				F6EF97882627511D0040FC95 /* APIErrorMessageHelper.swift */,
			);
			path = Helper;
			sourceTree = "<group>";
		};
		F692BCE8262649E1004C2148 /* Extension */ = {
			isa = PBXGroup;
			children = (
				F692BD2026264BAC004C2148 /* TypeAlias.swift */,
				F692BDB626265D31004C2148 /* String+Extension.swift */,
				F692BD5826264F55004C2148 /* UIColor+Extensions.swift */,
				F692BDAC26265CE8004C2148 /* UView+Extensions.swift */,
				F692BDB126265D0F004C2148 /* UIViewController+Extension.swift */,
			);
			path = Extension;
			sourceTree = "<group>";
		};
		F692BCEA262649ED004C2148 /* Contants */ = {
			isa = PBXGroup;
			children = (
				F692BCEC26264A10004C2148 /* Constants.swift */,
			);
			path = Contants;
			sourceTree = "<group>";
		};
		F692BCEB262649F4004C2148 /* App */ = {
			isa = PBXGroup;
			children = (
				F692BC9D26264793004C2148 /* AppDelegate.swift */,
			);
			path = App;
			sourceTree = "<group>";
		};
		F692BCF926264AE6004C2148 /* Router */ = {
			isa = PBXGroup;
			children = (
				F692BD8426265295004C2148 /* EventosRouter.swift */,
				F6EF979F26275CCB0040FC95 /* FazerCheckinRouter.swift */,
			);
			path = Router;
			sourceTree = "<group>";
		};
		F692BCFA26264AEF004C2148 /* Codable */ = {
			isa = PBXGroup;
			children = (
				F692BD8E26265329004C2148 /* EventosCodable.swift */,
			);
			path = Codable;
			sourceTree = "<group>";
		};
		F692BCFB26264AF5004C2148 /* Client */ = {
			isa = PBXGroup;
			children = (
				F692BD89262652F6004C2148 /* EventosClient.swift */,
				F6EF97A426275D180040FC95 /* FazerCheckinClient.swift */,
			);
			path = Client;
			sourceTree = "<group>";
		};
		F692BD3B26264CED004C2148 /* Coordinators */ = {
			isa = PBXGroup;
			children = (
				F692BD3C26264D0A004C2148 /* TelaInicialCoordinator.swift */,
			);
			path = Coordinators;
			sourceTree = "<group>";
		};
		F692BD4126264D71004C2148 /* Eventos */ = {
			isa = PBXGroup;
			children = (
				F692BD4A26264D9D004C2148 /* EventosView.swift */,
				F692BDA126265AB8004C2148 /* EventosViewCell.swift */,
				F692BD4226264D8F004C2148 /* EventosViewController.swift */,
			);
			path = Eventos;
			sourceTree = "<group>";
		};
		F692BD4F26264E0F004C2148 /* Eventos */ = {
			isa = PBXGroup;
			children = (
				F692BD5026264E20004C2148 /* EventosViewModel.swift */,
			);
			path = Eventos;
			sourceTree = "<group>";
		};
		F692BD9B2626589F004C2148 /* Eventos */ = {
			isa = PBXGroup;
			children = (
				F692BD9C262658B6004C2148 /* EventosModel.swift */,
			);
			path = Eventos;
			sourceTree = "<group>";
		};
		F692BDDD26267779004C2148 /* DetalhesEvento */ = {
			isa = PBXGroup;
			children = (
				F692BDDE2626778D004C2148 /* DetalhesEventoView.swift */,
				F692BDE4262677A6004C2148 /* DetalhesEventoViewController.swift */,
			);
			path = DetalhesEvento;
			sourceTree = "<group>";
		};
		F692BDF626267A9A004C2148 /* DetalhesEvento */ = {
			isa = PBXGroup;
			children = (
				F692BDF726267AA7004C2148 /* DetalhesEventoModel.swift */,
			);
			path = DetalhesEvento;
			sourceTree = "<group>";
		};
		F6961C7A26273AF30011019D /* DetalhesEvento */ = {
			isa = PBXGroup;
			children = (
				F692BDEC2626782A004C2148 /* DetalhesEventoViewModel.swift */,
			);
			path = DetalhesEvento;
			sourceTree = "<group>";
		};
/* End PBXGroup section */

/* Begin PBXNativeTarget section */
		F692BC9926264793004C2148 /* southsystem-desafio */ = {
			isa = PBXNativeTarget;
			buildConfigurationList = F692BCC426264794004C2148 /* Build configuration list for PBXNativeTarget "southsystem-desafio" */;
			buildPhases = (
				96E85F56F03680AD930862AC /* [CP] Check Pods Manifest.lock */,
				F692BC9626264793004C2148 /* Sources */,
				F692BC9726264793004C2148 /* Frameworks */,
				F692BC9826264793004C2148 /* Resources */,
				5B5CACCEEBC330F9B7099E1D /* [CP] Embed Pods Frameworks */,
			);
			buildRules = (
			);
			dependencies = (
			);
			name = "southsystem-desafio";
			productName = "southsystem-desafio";
			productReference = F692BC9A26264793004C2148 /* southsystem-desafio.app */;
			productType = "com.apple.product-type.application";
		};
		F692BCAF26264794004C2148 /* southsystem-desafioTests */ = {
			isa = PBXNativeTarget;
			buildConfigurationList = F692BCC726264794004C2148 /* Build configuration list for PBXNativeTarget "southsystem-desafioTests" */;
			buildPhases = (
				6B410E7E9F30E7CD719C5D80 /* [CP] Check Pods Manifest.lock */,
				F692BCAC26264794004C2148 /* Sources */,
				F692BCAD26264794004C2148 /* Frameworks */,
				F692BCAE26264794004C2148 /* Resources */,
			);
			buildRules = (
			);
			dependencies = (
				F692BCB226264794004C2148 /* PBXTargetDependency */,
			);
			name = "southsystem-desafioTests";
			productName = "southsystem-desafioTests";
			productReference = F692BCB026264794004C2148 /* southsystem-desafioTests.xctest */;
			productType = "com.apple.product-type.bundle.unit-test";
		};
		F692BCBA26264794004C2148 /* southsystem-desafioUITests */ = {
			isa = PBXNativeTarget;
			buildConfigurationList = F692BCCA26264794004C2148 /* Build configuration list for PBXNativeTarget "southsystem-desafioUITests" */;
			buildPhases = (
				23C8D9E95EFB662CAAB9896A /* [CP] Check Pods Manifest.lock */,
				F692BCB726264794004C2148 /* Sources */,
				F692BCB826264794004C2148 /* Frameworks */,
				F692BCB926264794004C2148 /* Resources */,
				2C935AD5A47E1050346B5842 /* [CP] Embed Pods Frameworks */,
			);
			buildRules = (
			);
			dependencies = (
				F692BCBD26264794004C2148 /* PBXTargetDependency */,
			);
			name = "southsystem-desafioUITests";
			productName = "southsystem-desafioUITests";
			productReference = F692BCBB26264794004C2148 /* southsystem-desafioUITests.xctest */;
			productType = "com.apple.product-type.bundle.ui-testing";
		};
/* End PBXNativeTarget section */

/* Begin PBXProject section */
		F692BC9226264793004C2148 /* Project object */ = {
			isa = PBXProject;
			attributes = {
				LastSwiftUpdateCheck = 1240;
				LastUpgradeCheck = 1240;
				TargetAttributes = {
					F692BC9926264793004C2148 = {
						CreatedOnToolsVersion = 12.4;
					};
					F692BCAF26264794004C2148 = {
						CreatedOnToolsVersion = 12.4;
						TestTargetID = F692BC9926264793004C2148;
					};
					F692BCBA26264794004C2148 = {
						CreatedOnToolsVersion = 12.4;
						TestTargetID = F692BC9926264793004C2148;
					};
				};
			};
			buildConfigurationList = F692BC9526264793004C2148 /* Build configuration list for PBXProject "southsystem-desafio" */;
			compatibilityVersion = "Xcode 9.3";
			developmentRegion = en;
			hasScannedForEncodings = 0;
			knownRegions = (
				en,
				Base,
				"pt-BR",
			);
			mainGroup = F692BC9126264793004C2148;
			productRefGroup = F692BC9B26264793004C2148 /* Products */;
			projectDirPath = "";
			projectRoot = "";
			targets = (
				F692BC9926264793004C2148 /* southsystem-desafio */,
				F692BCAF26264794004C2148 /* southsystem-desafioTests */,
				F692BCBA26264794004C2148 /* southsystem-desafioUITests */,
			);
		};
/* End PBXProject section */

/* Begin PBXResourcesBuildPhase section */
		F692BC9826264793004C2148 /* Resources */ = {
			isa = PBXResourcesBuildPhase;
			buildActionMask = 2147483647;
			files = (
				F692BCAA26264794004C2148 /* LaunchScreen.storyboard in Resources */,
				F692BD76262650CB004C2148 /* Localizable.strings in Resources */,
				F692BD70262650C8004C2148 /* InfoPlist.strings in Resources */,
				F6EF97AA26275D550040FC95 /* Icones.xcassets in Resources */,
				F692BCA726264794004C2148 /* Assets.xcassets in Resources */,
			);
			runOnlyForDeploymentPostprocessing = 0;
		};
		F692BCAE26264794004C2148 /* Resources */ = {
			isa = PBXResourcesBuildPhase;
			buildActionMask = 2147483647;
			files = (
			);
			runOnlyForDeploymentPostprocessing = 0;
		};
		F692BCB926264794004C2148 /* Resources */ = {
			isa = PBXResourcesBuildPhase;
			buildActionMask = 2147483647;
			files = (
			);
			runOnlyForDeploymentPostprocessing = 0;
		};
/* End PBXResourcesBuildPhase section */

/* Begin PBXShellScriptBuildPhase section */
		23C8D9E95EFB662CAAB9896A /* [CP] Check Pods Manifest.lock */ = {
			isa = PBXShellScriptBuildPhase;
			buildActionMask = 2147483647;
			files = (
			);
			inputFileListPaths = (
			);
			inputPaths = (
				"${PODS_PODFILE_DIR_PATH}/Podfile.lock",
				"${PODS_ROOT}/Manifest.lock",
			);
			name = "[CP] Check Pods Manifest.lock";
			outputFileListPaths = (
			);
			outputPaths = (
				"$(DERIVED_FILE_DIR)/Pods-southsystem-desafio-southsystem-desafioUITests-checkManifestLockResult.txt",
			);
			runOnlyForDeploymentPostprocessing = 0;
			shellPath = /bin/sh;
			shellScript = "diff \"${PODS_PODFILE_DIR_PATH}/Podfile.lock\" \"${PODS_ROOT}/Manifest.lock\" > /dev/null\nif [ $? != 0 ] ; then\n    # print error to STDERR\n    echo \"error: The sandbox is not in sync with the Podfile.lock. Run 'pod install' or update your CocoaPods installation.\" >&2\n    exit 1\nfi\n# This output is used by Xcode 'outputs' to avoid re-running this script phase.\necho \"SUCCESS\" > \"${SCRIPT_OUTPUT_FILE_0}\"\n";
			showEnvVarsInLog = 0;
		};
		2C935AD5A47E1050346B5842 /* [CP] Embed Pods Frameworks */ = {
			isa = PBXShellScriptBuildPhase;
			buildActionMask = 2147483647;
			files = (
			);
			inputFileListPaths = (
				"${PODS_ROOT}/Target Support Files/Pods-southsystem-desafio-southsystem-desafioUITests/Pods-southsystem-desafio-southsystem-desafioUITests-frameworks-${CONFIGURATION}-input-files.xcfilelist",
			);
			name = "[CP] Embed Pods Frameworks";
			outputFileListPaths = (
				"${PODS_ROOT}/Target Support Files/Pods-southsystem-desafio-southsystem-desafioUITests/Pods-southsystem-desafio-southsystem-desafioUITests-frameworks-${CONFIGURATION}-output-files.xcfilelist",
			);
			runOnlyForDeploymentPostprocessing = 0;
			shellPath = /bin/sh;
			shellScript = "\"${PODS_ROOT}/Target Support Files/Pods-southsystem-desafio-southsystem-desafioUITests/Pods-southsystem-desafio-southsystem-desafioUITests-frameworks.sh\"\n";
			showEnvVarsInLog = 0;
		};
		5B5CACCEEBC330F9B7099E1D /* [CP] Embed Pods Frameworks */ = {
			isa = PBXShellScriptBuildPhase;
			buildActionMask = 2147483647;
			files = (
			);
			inputFileListPaths = (
				"${PODS_ROOT}/Target Support Files/Pods-southsystem-desafio/Pods-southsystem-desafio-frameworks-${CONFIGURATION}-input-files.xcfilelist",
			);
			name = "[CP] Embed Pods Frameworks";
			outputFileListPaths = (
				"${PODS_ROOT}/Target Support Files/Pods-southsystem-desafio/Pods-southsystem-desafio-frameworks-${CONFIGURATION}-output-files.xcfilelist",
			);
			runOnlyForDeploymentPostprocessing = 0;
			shellPath = /bin/sh;
			shellScript = "\"${PODS_ROOT}/Target Support Files/Pods-southsystem-desafio/Pods-southsystem-desafio-frameworks.sh\"\n";
			showEnvVarsInLog = 0;
		};
		6B410E7E9F30E7CD719C5D80 /* [CP] Check Pods Manifest.lock */ = {
			isa = PBXShellScriptBuildPhase;
			buildActionMask = 2147483647;
			files = (
			);
			inputFileListPaths = (
			);
			inputPaths = (
				"${PODS_PODFILE_DIR_PATH}/Podfile.lock",
				"${PODS_ROOT}/Manifest.lock",
			);
			name = "[CP] Check Pods Manifest.lock";
			outputFileListPaths = (
			);
			outputPaths = (
				"$(DERIVED_FILE_DIR)/Pods-southsystem-desafioTests-checkManifestLockResult.txt",
			);
			runOnlyForDeploymentPostprocessing = 0;
			shellPath = /bin/sh;
			shellScript = "diff \"${PODS_PODFILE_DIR_PATH}/Podfile.lock\" \"${PODS_ROOT}/Manifest.lock\" > /dev/null\nif [ $? != 0 ] ; then\n    # print error to STDERR\n    echo \"error: The sandbox is not in sync with the Podfile.lock. Run 'pod install' or update your CocoaPods installation.\" >&2\n    exit 1\nfi\n# This output is used by Xcode 'outputs' to avoid re-running this script phase.\necho \"SUCCESS\" > \"${SCRIPT_OUTPUT_FILE_0}\"\n";
			showEnvVarsInLog = 0;
		};
		96E85F56F03680AD930862AC /* [CP] Check Pods Manifest.lock */ = {
			isa = PBXShellScriptBuildPhase;
			buildActionMask = 2147483647;
			files = (
			);
			inputFileListPaths = (
			);
			inputPaths = (
				"${PODS_PODFILE_DIR_PATH}/Podfile.lock",
				"${PODS_ROOT}/Manifest.lock",
			);
			name = "[CP] Check Pods Manifest.lock";
			outputFileListPaths = (
			);
			outputPaths = (
				"$(DERIVED_FILE_DIR)/Pods-southsystem-desafio-checkManifestLockResult.txt",
			);
			runOnlyForDeploymentPostprocessing = 0;
			shellPath = /bin/sh;
			shellScript = "diff \"${PODS_PODFILE_DIR_PATH}/Podfile.lock\" \"${PODS_ROOT}/Manifest.lock\" > /dev/null\nif [ $? != 0 ] ; then\n    # print error to STDERR\n    echo \"error: The sandbox is not in sync with the Podfile.lock. Run 'pod install' or update your CocoaPods installation.\" >&2\n    exit 1\nfi\n# This output is used by Xcode 'outputs' to avoid re-running this script phase.\necho \"SUCCESS\" > \"${SCRIPT_OUTPUT_FILE_0}\"\n";
			showEnvVarsInLog = 0;
		};
/* End PBXShellScriptBuildPhase section */

/* Begin PBXSourcesBuildPhase section */
		F692BC9626264793004C2148 /* Sources */ = {
			isa = PBXSourcesBuildPhase;
			buildActionMask = 2147483647;
			files = (
				F692BDF826267AA7004C2148 /* DetalhesEventoModel.swift in Sources */,
				F692BDB226265D0F004C2148 /* UIViewController+Extension.swift in Sources */,
				F692BD9D262658B6004C2148 /* EventosModel.swift in Sources */,
				F692BD8526265295004C2148 /* EventosRouter.swift in Sources */,
				F692BDAD26265CE8004C2148 /* UView+Extensions.swift in Sources */,
				F692BC9E26264793004C2148 /* AppDelegate.swift in Sources */,
				F692BDED2626782A004C2148 /* DetalhesEventoViewModel.swift in Sources */,
				F692BCED26264A10004C2148 /* Constants.swift in Sources */,
				F692BCFD26264B04004C2148 /* APIClient.swift in Sources */,
				F692BD0D26264B45004C2148 /* BaseView.swift in Sources */,
				F692BDB726265D31004C2148 /* String+Extension.swift in Sources */,
				F692BD8F26265329004C2148 /* EventosCodable.swift in Sources */,
				F692BD8A262652F6004C2148 /* EventosClient.swift in Sources */,
				F692BD4326264D8F004C2148 /* EventosViewController.swift in Sources */,
				F6EF97892627511D0040FC95 /* APIErrorMessageHelper.swift in Sources */,
				F692BDBC26265D4C004C2148 /* TranslateHelper.swift in Sources */,
				F692BD2126264BAC004C2148 /* TypeAlias.swift in Sources */,
				F692BD94262653D6004C2148 /* Encode+DecodeHelpers.swift in Sources */,
				F692BD3D26264D0A004C2148 /* TelaInicialCoordinator.swift in Sources */,
				F674DAAD262793F600A9D39D /* FazerCheckinModel.swift in Sources */,
				F692BD3726264CCE004C2148 /* MainCoordinator.swift in Sources */,
				F6EF97A026275CCB0040FC95 /* FazerCheckinRouter.swift in Sources */,
				F692BD5126264E20004C2148 /* EventosViewModel.swift in Sources */,
				F692BD4B26264D9D004C2148 /* EventosView.swift in Sources */,
				F692BDE5262677A6004C2148 /* DetalhesEventoViewController.swift in Sources */,
				F6EF97A526275D180040FC95 /* FazerCheckinClient.swift in Sources */,
				F692BD0326264B1A004C2148 /* APIConfiguration.swift in Sources */,
				F692BDD626266616004C2148 /* ContentImageView.swift in Sources */,
				F692BD5926264F55004C2148 /* UIColor+Extensions.swift in Sources */,
				F692BD1726264B72004C2148 /* BaseViewModel.swift in Sources */,
				F692BDA226265AB8004C2148 /* EventosViewCell.swift in Sources */,
				F692BD1226264B5D004C2148 /* BaseViewController.swift in Sources */,
				F692BDDF2626778D004C2148 /* DetalhesEventoView.swift in Sources */,
				F692BD0826264B2E004C2148 /* BaseModel.swift in Sources */,
				F692BD1C26264B7E004C2148 /* Coordinator.swift in Sources */,
			);
			runOnlyForDeploymentPostprocessing = 0;
		};
		F692BCAC26264794004C2148 /* Sources */ = {
			isa = PBXSourcesBuildPhase;
			buildActionMask = 2147483647;
			files = (
				F692BCB526264794004C2148 /* southsystem_desafioTests.swift in Sources */,
			);
			runOnlyForDeploymentPostprocessing = 0;
		};
		F692BCB726264794004C2148 /* Sources */ = {
			isa = PBXSourcesBuildPhase;
			buildActionMask = 2147483647;
			files = (
				F692BCC026264794004C2148 /* southsystem_desafioUITests.swift in Sources */,
			);
			runOnlyForDeploymentPostprocessing = 0;
		};
/* End PBXSourcesBuildPhase section */

/* Begin PBXTargetDependency section */
		F692BCB226264794004C2148 /* PBXTargetDependency */ = {
			isa = PBXTargetDependency;
			target = F692BC9926264793004C2148 /* southsystem-desafio */;
			targetProxy = F692BCB126264794004C2148 /* PBXContainerItemProxy */;
		};
		F692BCBD26264794004C2148 /* PBXTargetDependency */ = {
			isa = PBXTargetDependency;
			target = F692BC9926264793004C2148 /* southsystem-desafio */;
			targetProxy = F692BCBC26264794004C2148 /* PBXContainerItemProxy */;
		};
/* End PBXTargetDependency section */

/* Begin PBXVariantGroup section */
		F692BCA826264794004C2148 /* LaunchScreen.storyboard */ = {
			isa = PBXVariantGroup;
			children = (
				F692BCA926264794004C2148 /* Base */,
			);
			name = LaunchScreen.storyboard;
			sourceTree = "<group>";
		};
		F692BD72262650C8004C2148 /* InfoPlist.strings */ = {
			isa = PBXVariantGroup;
			children = (
				F692BD71262650C8004C2148 /* en */,
				F692BD7C262650FC004C2148 /* pt-BR */,
			);
			name = InfoPlist.strings;
			sourceTree = "<group>";
		};
		F692BD78262650CB004C2148 /* Localizable.strings */ = {
			isa = PBXVariantGroup;
			children = (
				F692BD77262650CB004C2148 /* en */,
				F692BD80262650FC004C2148 /* pt-BR */,
			);
			name = Localizable.strings;
			sourceTree = "<group>";
		};
/* End PBXVariantGroup section */

/* Begin XCBuildConfiguration section */
		F692BCC226264794004C2148 /* Debug */ = {
			isa = XCBuildConfiguration;
			buildSettings = {
				ALWAYS_SEARCH_USER_PATHS = NO;
				CLANG_ANALYZER_LOCALIZABILITY_NONLOCALIZED = YES;
				CLANG_ANALYZER_NONNULL = YES;
				CLANG_ANALYZER_NUMBER_OBJECT_CONVERSION = YES_AGGRESSIVE;
				CLANG_CXX_LANGUAGE_STANDARD = "gnu++14";
				CLANG_CXX_LIBRARY = "libc++";
				CLANG_ENABLE_MODULES = YES;
				CLANG_ENABLE_OBJC_ARC = YES;
				CLANG_ENABLE_OBJC_WEAK = YES;
				CLANG_WARN_BLOCK_CAPTURE_AUTORELEASING = YES;
				CLANG_WARN_BOOL_CONVERSION = YES;
				CLANG_WARN_COMMA = YES;
				CLANG_WARN_CONSTANT_CONVERSION = YES;
				CLANG_WARN_DEPRECATED_OBJC_IMPLEMENTATIONS = YES;
				CLANG_WARN_DIRECT_OBJC_ISA_USAGE = YES_ERROR;
				CLANG_WARN_DOCUMENTATION_COMMENTS = YES;
				CLANG_WARN_EMPTY_BODY = YES;
				CLANG_WARN_ENUM_CONVERSION = YES;
				CLANG_WARN_INFINITE_RECURSION = YES;
				CLANG_WARN_INT_CONVERSION = YES;
				CLANG_WARN_NON_LITERAL_NULL_CONVERSION = YES;
				CLANG_WARN_OBJC_IMPLICIT_RETAIN_SELF = YES;
				CLANG_WARN_OBJC_LITERAL_CONVERSION = YES;
				CLANG_WARN_OBJC_ROOT_CLASS = YES_ERROR;
				CLANG_WARN_QUOTED_INCLUDE_IN_FRAMEWORK_HEADER = YES;
				CLANG_WARN_RANGE_LOOP_ANALYSIS = YES;
				CLANG_WARN_STRICT_PROTOTYPES = YES;
				CLANG_WARN_SUSPICIOUS_MOVE = YES;
				CLANG_WARN_UNGUARDED_AVAILABILITY = YES_AGGRESSIVE;
				CLANG_WARN_UNREACHABLE_CODE = YES;
				CLANG_WARN__DUPLICATE_METHOD_MATCH = YES;
				COPY_PHASE_STRIP = NO;
				DEBUG_INFORMATION_FORMAT = dwarf;
				ENABLE_STRICT_OBJC_MSGSEND = YES;
				ENABLE_TESTABILITY = YES;
				GCC_C_LANGUAGE_STANDARD = gnu11;
				GCC_DYNAMIC_NO_PIC = NO;
				GCC_NO_COMMON_BLOCKS = YES;
				GCC_OPTIMIZATION_LEVEL = 0;
				GCC_PREPROCESSOR_DEFINITIONS = (
					"DEBUG=1",
					"$(inherited)",
				);
				GCC_WARN_64_TO_32_BIT_CONVERSION = YES;
				GCC_WARN_ABOUT_RETURN_TYPE = YES_ERROR;
				GCC_WARN_UNDECLARED_SELECTOR = YES;
				GCC_WARN_UNINITIALIZED_AUTOS = YES_AGGRESSIVE;
				GCC_WARN_UNUSED_FUNCTION = YES;
				GCC_WARN_UNUSED_VARIABLE = YES;
				IPHONEOS_DEPLOYMENT_TARGET = 11.0;
				MTL_ENABLE_DEBUG_INFO = INCLUDE_SOURCE;
				MTL_FAST_MATH = YES;
				ONLY_ACTIVE_ARCH = YES;
				SDKROOT = iphoneos;
				SWIFT_ACTIVE_COMPILATION_CONDITIONS = DEBUG;
				SWIFT_OPTIMIZATION_LEVEL = "-Onone";
			};
			name = Debug;
		};
		F692BCC326264794004C2148 /* Release */ = {
			isa = XCBuildConfiguration;
			buildSettings = {
				ALWAYS_SEARCH_USER_PATHS = NO;
				CLANG_ANALYZER_LOCALIZABILITY_NONLOCALIZED = YES;
				CLANG_ANALYZER_NONNULL = YES;
				CLANG_ANALYZER_NUMBER_OBJECT_CONVERSION = YES_AGGRESSIVE;
				CLANG_CXX_LANGUAGE_STANDARD = "gnu++14";
				CLANG_CXX_LIBRARY = "libc++";
				CLANG_ENABLE_MODULES = YES;
				CLANG_ENABLE_OBJC_ARC = YES;
				CLANG_ENABLE_OBJC_WEAK = YES;
				CLANG_WARN_BLOCK_CAPTURE_AUTORELEASING = YES;
				CLANG_WARN_BOOL_CONVERSION = YES;
				CLANG_WARN_COMMA = YES;
				CLANG_WARN_CONSTANT_CONVERSION = YES;
				CLANG_WARN_DEPRECATED_OBJC_IMPLEMENTATIONS = YES;
				CLANG_WARN_DIRECT_OBJC_ISA_USAGE = YES_ERROR;
				CLANG_WARN_DOCUMENTATION_COMMENTS = YES;
				CLANG_WARN_EMPTY_BODY = YES;
				CLANG_WARN_ENUM_CONVERSION = YES;
				CLANG_WARN_INFINITE_RECURSION = YES;
				CLANG_WARN_INT_CONVERSION = YES;
				CLANG_WARN_NON_LITERAL_NULL_CONVERSION = YES;
				CLANG_WARN_OBJC_IMPLICIT_RETAIN_SELF = YES;
				CLANG_WARN_OBJC_LITERAL_CONVERSION = YES;
				CLANG_WARN_OBJC_ROOT_CLASS = YES_ERROR;
				CLANG_WARN_QUOTED_INCLUDE_IN_FRAMEWORK_HEADER = YES;
				CLANG_WARN_RANGE_LOOP_ANALYSIS = YES;
				CLANG_WARN_STRICT_PROTOTYPES = YES;
				CLANG_WARN_SUSPICIOUS_MOVE = YES;
				CLANG_WARN_UNGUARDED_AVAILABILITY = YES_AGGRESSIVE;
				CLANG_WARN_UNREACHABLE_CODE = YES;
				CLANG_WARN__DUPLICATE_METHOD_MATCH = YES;
				COPY_PHASE_STRIP = NO;
				DEBUG_INFORMATION_FORMAT = "dwarf-with-dsym";
				ENABLE_NS_ASSERTIONS = NO;
				ENABLE_STRICT_OBJC_MSGSEND = YES;
				GCC_C_LANGUAGE_STANDARD = gnu11;
				GCC_NO_COMMON_BLOCKS = YES;
				GCC_WARN_64_TO_32_BIT_CONVERSION = YES;
				GCC_WARN_ABOUT_RETURN_TYPE = YES_ERROR;
				GCC_WARN_UNDECLARED_SELECTOR = YES;
				GCC_WARN_UNINITIALIZED_AUTOS = YES_AGGRESSIVE;
				GCC_WARN_UNUSED_FUNCTION = YES;
				GCC_WARN_UNUSED_VARIABLE = YES;
				IPHONEOS_DEPLOYMENT_TARGET = 11.0;
				MTL_ENABLE_DEBUG_INFO = NO;
				MTL_FAST_MATH = YES;
				SDKROOT = iphoneos;
				SWIFT_COMPILATION_MODE = wholemodule;
				SWIFT_OPTIMIZATION_LEVEL = "-O";
				VALIDATE_PRODUCT = YES;
			};
			name = Release;
		};
		F692BCC526264794004C2148 /* Debug */ = {
			isa = XCBuildConfiguration;
			baseConfigurationReference = 53277C5E19A68E9A28373472 /* Pods-southsystem-desafio.debug.xcconfig */;
			buildSettings = {
				ASSETCATALOG_COMPILER_APPICON_NAME = AppIcon;
				ASSETCATALOG_COMPILER_GLOBAL_ACCENT_COLOR_NAME = AccentColor;
				CODE_SIGN_STYLE = Automatic;
				DEVELOPMENT_TEAM = 534P4F9R6Y;
				INFOPLIST_FILE = "southsystem-desafio/Supporting Files/Info.plist";
				IPHONEOS_DEPLOYMENT_TARGET = 11.0;
				LD_RUNPATH_SEARCH_PATHS = (
					"$(inherited)",
					"@executable_path/Frameworks",
				);
				PRODUCT_BUNDLE_IDENTIFIER = "br.com.joaoduartemariucio.southsystem-desafio";
				PRODUCT_NAME = "$(TARGET_NAME)";
				SWIFT_VERSION = 5.0;
				TARGETED_DEVICE_FAMILY = "1,2";
			};
			name = Debug;
		};
		F692BCC626264794004C2148 /* Release */ = {
			isa = XCBuildConfiguration;
			baseConfigurationReference = C88CD9C1EC2789C6BD3ED5BA /* Pods-southsystem-desafio.release.xcconfig */;
			buildSettings = {
				ASSETCATALOG_COMPILER_APPICON_NAME = AppIcon;
				ASSETCATALOG_COMPILER_GLOBAL_ACCENT_COLOR_NAME = AccentColor;
				CODE_SIGN_STYLE = Automatic;
				DEVELOPMENT_TEAM = 534P4F9R6Y;
				INFOPLIST_FILE = "southsystem-desafio/Supporting Files/Info.plist";
				IPHONEOS_DEPLOYMENT_TARGET = 11.0;
				LD_RUNPATH_SEARCH_PATHS = (
					"$(inherited)",
					"@executable_path/Frameworks",
				);
				PRODUCT_BUNDLE_IDENTIFIER = "br.com.joaoduartemariucio.southsystem-desafio";
				PRODUCT_NAME = "$(TARGET_NAME)";
				SWIFT_VERSION = 5.0;
				TARGETED_DEVICE_FAMILY = "1,2";
			};
			name = Release;
		};
		F692BCC826264794004C2148 /* Debug */ = {
			isa = XCBuildConfiguration;
			baseConfigurationReference = 31689151DF750258151088EB /* Pods-southsystem-desafioTests.debug.xcconfig */;
			buildSettings = {
				ALWAYS_EMBED_SWIFT_STANDARD_LIBRARIES = YES;
				BUNDLE_LOADER = "$(TEST_HOST)";
				CODE_SIGN_STYLE = Automatic;
				DEVELOPMENT_TEAM = 534P4F9R6Y;
				INFOPLIST_FILE = "southsystem-desafioTests/Info.plist";
				IPHONEOS_DEPLOYMENT_TARGET = 14.4;
				LD_RUNPATH_SEARCH_PATHS = (
					"$(inherited)",
					"@executable_path/Frameworks",
					"@loader_path/Frameworks",
				);
				PRODUCT_BUNDLE_IDENTIFIER = "br.com.joaoduartemariucio.southsystem-desafioTests";
				PRODUCT_NAME = "$(TARGET_NAME)";
				SWIFT_VERSION = 5.0;
				TARGETED_DEVICE_FAMILY = "1,2";
				TEST_HOST = "$(BUILT_PRODUCTS_DIR)/southsystem-desafio.app/southsystem-desafio";
			};
			name = Debug;
		};
		F692BCC926264794004C2148 /* Release */ = {
			isa = XCBuildConfiguration;
			baseConfigurationReference = 1A1D536660C615D26AE87843 /* Pods-southsystem-desafioTests.release.xcconfig */;
			buildSettings = {
				ALWAYS_EMBED_SWIFT_STANDARD_LIBRARIES = YES;
				BUNDLE_LOADER = "$(TEST_HOST)";
				CODE_SIGN_STYLE = Automatic;
				DEVELOPMENT_TEAM = 534P4F9R6Y;
				INFOPLIST_FILE = "southsystem-desafioTests/Info.plist";
				IPHONEOS_DEPLOYMENT_TARGET = 14.4;
				LD_RUNPATH_SEARCH_PATHS = (
					"$(inherited)",
					"@executable_path/Frameworks",
					"@loader_path/Frameworks",
				);
				PRODUCT_BUNDLE_IDENTIFIER = "br.com.joaoduartemariucio.southsystem-desafioTests";
				PRODUCT_NAME = "$(TARGET_NAME)";
				SWIFT_VERSION = 5.0;
				TARGETED_DEVICE_FAMILY = "1,2";
				TEST_HOST = "$(BUILT_PRODUCTS_DIR)/southsystem-desafio.app/southsystem-desafio";
			};
			name = Release;
		};
		F692BCCB26264794004C2148 /* Debug */ = {
			isa = XCBuildConfiguration;
			baseConfigurationReference = FB939ED9B08FC4FE33BDCC19 /* Pods-southsystem-desafio-southsystem-desafioUITests.debug.xcconfig */;
			buildSettings = {
				ALWAYS_EMBED_SWIFT_STANDARD_LIBRARIES = YES;
				CODE_SIGN_STYLE = Automatic;
				DEVELOPMENT_TEAM = 534P4F9R6Y;
				INFOPLIST_FILE = "southsystem-desafioUITests/Info.plist";
				LD_RUNPATH_SEARCH_PATHS = (
					"$(inherited)",
					"@executable_path/Frameworks",
					"@loader_path/Frameworks",
				);
				PRODUCT_BUNDLE_IDENTIFIER = "br.com.joaoduartemariucio.southsystem-desafioUITests";
				PRODUCT_NAME = "$(TARGET_NAME)";
				SWIFT_VERSION = 5.0;
				TARGETED_DEVICE_FAMILY = "1,2";
				TEST_TARGET_NAME = "southsystem-desafio";
			};
			name = Debug;
		};
		F692BCCC26264794004C2148 /* Release */ = {
			isa = XCBuildConfiguration;
			baseConfigurationReference = 0E200B9486582D48350BA474 /* Pods-southsystem-desafio-southsystem-desafioUITests.release.xcconfig */;
			buildSettings = {
				ALWAYS_EMBED_SWIFT_STANDARD_LIBRARIES = YES;
				CODE_SIGN_STYLE = Automatic;
				DEVELOPMENT_TEAM = 534P4F9R6Y;
				INFOPLIST_FILE = "southsystem-desafioUITests/Info.plist";
				LD_RUNPATH_SEARCH_PATHS = (
					"$(inherited)",
					"@executable_path/Frameworks",
					"@loader_path/Frameworks",
				);
				PRODUCT_BUNDLE_IDENTIFIER = "br.com.joaoduartemariucio.southsystem-desafioUITests";
				PRODUCT_NAME = "$(TARGET_NAME)";
				SWIFT_VERSION = 5.0;
				TARGETED_DEVICE_FAMILY = "1,2";
				TEST_TARGET_NAME = "southsystem-desafio";
			};
			name = Release;
		};
/* End XCBuildConfiguration section */

/* Begin XCConfigurationList section */
		F692BC9526264793004C2148 /* Build configuration list for PBXProject "southsystem-desafio" */ = {
			isa = XCConfigurationList;
			buildConfigurations = (
				F692BCC226264794004C2148 /* Debug */,
				F692BCC326264794004C2148 /* Release */,
			);
			defaultConfigurationIsVisible = 0;
			defaultConfigurationName = Release;
		};
		F692BCC426264794004C2148 /* Build configuration list for PBXNativeTarget "southsystem-desafio" */ = {
			isa = XCConfigurationList;
			buildConfigurations = (
				F692BCC526264794004C2148 /* Debug */,
				F692BCC626264794004C2148 /* Release */,
			);
			defaultConfigurationIsVisible = 0;
			defaultConfigurationName = Release;
		};
		F692BCC726264794004C2148 /* Build configuration list for PBXNativeTarget "southsystem-desafioTests" */ = {
			isa = XCConfigurationList;
			buildConfigurations = (
				F692BCC826264794004C2148 /* Debug */,
				F692BCC926264794004C2148 /* Release */,
			);
			defaultConfigurationIsVisible = 0;
			defaultConfigurationName = Release;
		};
		F692BCCA26264794004C2148 /* Build configuration list for PBXNativeTarget "southsystem-desafioUITests" */ = {
			isa = XCConfigurationList;
			buildConfigurations = (
				F692BCCB26264794004C2148 /* Debug */,
				F692BCCC26264794004C2148 /* Release */,
			);
			defaultConfigurationIsVisible = 0;
			defaultConfigurationName = Release;
		};
/* End XCConfigurationList section */
	};
	rootObject = F692BC9226264793004C2148 /* Project object */;
}
